
Microsoft Visual Studio Solution File, Format Version 12.00
# Visual Studio Version 17
VisualStudioVersion = 17.9.34701.34
MinimumVisualStudioVersion = 10.0.40219.1
Project("{9A19103F-16F7-4668-BE54-9A1E7A4F7556}") = "lab2-3", "lab2-3.csproj", "{84015565-834E-4196-AE5F-F0CD4AA0B8FB}"
EndProject
Global
	GlobalSection(SolutionConfigurationPlatforms) = preSolution
		Debug|Any CPU = Debug|Any CPU
		Release|Any CPU = Release|Any CPU
	EndGlobalSection
	GlobalSection(ProjectConfigurationPlatforms) = postSolution
		{84015565-834E-4196-AE5F-F0CD4AA0B8FB}.Debug|Any CPU.ActiveCfg = Debug|Any CPU
		{84015565-834E-4196-AE5F-F0CD4AA0B8FB}.Debug|Any CPU.Build.0 = Debug|Any CPU
		{84015565-834E-4196-AE5F-F0CD4AA0B8FB}.Release|Any CPU.ActiveCfg = Release|Any CPU
		{84015565-834E-4196-AE5F-F0CD4AA0B8FB}.Release|Any CPU.Build.0 = Release|Any CPU
	EndGlobalSection
	GlobalSection(SolutionProperties) = preSolution
		HideSolutionNode = FALSE
	EndGlobalSection
	GlobalSection(ExtensibilityGlobals) = postSolution
		SolutionGuid = {049B256F-DB26-4C3B-9B12-EFB5752258BB}
	EndGlobalSection
EndGlobal
